
Microsoft Visual Studio Solution File, Format Version 12.00
# Visual Studio Version 16
VisualStudioVersion = 16.0.32630.194
MinimumVisualStudioVersion = 10.0.40219.1
Project("{FAE04EC0-301F-11D3-BF4B-00C04F79EFBC}") = "GridCrudOperation", "GridCrudOperation\GridCrudOperation.csproj", "{4871D766-41B0-42ED-AFEC-4A1215A78DDD}"
EndProject
Global
	GlobalSection(SolutionConfigurationPlatforms) = preSolution
		Debug|Any CPU = Debug|Any CPU
		Release|Any CPU = Release|Any CPU
	EndGlobalSection
	GlobalSection(ProjectConfigurationPlatforms) = postSolution
		{4871D766-41B0-42ED-AFEC-4A1215A78DDD}.Debug|Any CPU.ActiveCfg = Debug|Any CPU
		{4871D766-41B0-42ED-AFEC-4A1215A78DDD}.Debug|Any CPU.Build.0 = Debug|Any CPU
		{4871D766-41B0-42ED-AFEC-4A1215A78DDD}.Release|Any CPU.ActiveCfg = Release|Any CPU
		{4871D766-41B0-42ED-AFEC-4A1215A78DDD}.Release|Any CPU.Build.0 = Release|Any CPU
	EndGlobalSection
	GlobalSection(SolutionProperties) = preSolution
		HideSolutionNode = FALSE
	EndGlobalSection
	GlobalSection(ExtensibilityGlobals) = postSolution
		SolutionGuid = {05466695-6CDD-4357-AE0C-44C1A510B584}
	EndGlobalSection
EndGlobal
